
Microsoft Visual Studio Solution File, Format Version 12.00
# Visual Studio Version 17
VisualStudioVersion = 17.1.32210.238
MinimumVisualStudioVersion = 10.0.40219.1
Project("{8BC9CEB8-8B4A-11D0-8D11-00A0C91BC942}") = "ConsoleApplication1", "ConsoleApplication1.vcxproj", "{4E125D77-70B4-4C60-AC6B-3E3EF9633BBF}"
EndProject
Global
	GlobalSection(SolutionConfigurationPlatforms) = preSolution
		Debug|x64 = Debug|x64
		Debug|x86 = Debug|x86
		Release|x64 = Release|x64
		Release|x86 = Release|x86
	EndGlobalSection
	GlobalSection(ProjectConfigurationPlatforms) = postSolution
		{4E125D77-70B4-4C60-AC6B-3E3EF9633BBF}.Debug|x64.ActiveCfg = Debug|x64
		{4E125D77-70B4-4C60-AC6B-3E3EF9633BBF}.Debug|x64.Build.0 = Debug|x64
		{4E125D77-70B4-4C60-AC6B-3E3EF9633BBF}.Debug|x86.ActiveCfg = Debug|Win32
		{4E125D77-70B4-4C60-AC6B-3E3EF9633BBF}.Debug|x86.Build.0 = Debug|Win32
		{4E125D77-70B4-4C60-AC6B-3E3EF9633BBF}.Release|x64.ActiveCfg = Release|x64
		{4E125D77-70B4-4C60-AC6B-3E3EF9633BBF}.Release|x64.Build.0 = Release|x64
		{4E125D77-70B4-4C60-AC6B-3E3EF9633BBF}.Release|x86.ActiveCfg = Release|Win32
		{4E125D77-70B4-4C60-AC6B-3E3EF9633BBF}.Release|x86.Build.0 = Release|Win32
	EndGlobalSection
	GlobalSection(SolutionProperties) = preSolution
		HideSolutionNode = FALSE
	EndGlobalSection
	GlobalSection(ExtensibilityGlobals) = postSolution
		SolutionGuid = {44F46F92-440C-4F06-8F53-BC63EB690A3D}
	EndGlobalSection
EndGlobal
